
Microsoft Visual Studio Solution File, Format Version 12.00
# Visual Studio Version 17
VisualStudioVersion = 17.11.35312.102
MinimumVisualStudioVersion = 10.0.40219.1
Project("{FAE04EC0-301F-11D3-BF4B-00C04F79EFBC}") = "CarRentalWebsite.Server", "CarRentalWebsite.Server\CarRentalWebsite.Server.csproj", "{4CC5B349-C2F2-4DF9-922F-650DFA639C22}"
EndProject
Project("{54A90642-561A-4BB1-A94E-469ADEE60C69}") = "carrentalwebsite.client", "carrentalwebsite.client\carrentalwebsite.client.esproj", "{2E38B1F8-89C0-46B2-9092-BC5AD7F92858}"
EndProject
Global
	GlobalSection(SolutionConfigurationPlatforms) = preSolution
		Debug|Any CPU = Debug|Any CPU
		Release|Any CPU = Release|Any CPU
	EndGlobalSection
	GlobalSection(ProjectConfigurationPlatforms) = postSolution
		{4CC5B349-C2F2-4DF9-922F-650DFA639C22}.Debug|Any CPU.ActiveCfg = Debug|Any CPU
		{4CC5B349-C2F2-4DF9-922F-650DFA639C22}.Debug|Any CPU.Build.0 = Debug|Any CPU
		{4CC5B349-C2F2-4DF9-922F-650DFA639C22}.Release|Any CPU.ActiveCfg = Release|Any CPU
		{4CC5B349-C2F2-4DF9-922F-650DFA639C22}.Release|Any CPU.Build.0 = Release|Any CPU
		{2E38B1F8-89C0-46B2-9092-BC5AD7F92858}.Debug|Any CPU.ActiveCfg = Debug|Any CPU
		{2E38B1F8-89C0-46B2-9092-BC5AD7F92858}.Debug|Any CPU.Build.0 = Debug|Any CPU
		{2E38B1F8-89C0-46B2-9092-BC5AD7F92858}.Debug|Any CPU.Deploy.0 = Debug|Any CPU
		{2E38B1F8-89C0-46B2-9092-BC5AD7F92858}.Release|Any CPU.ActiveCfg = Release|Any CPU
		{2E38B1F8-89C0-46B2-9092-BC5AD7F92858}.Release|Any CPU.Build.0 = Release|Any CPU
		{2E38B1F8-89C0-46B2-9092-BC5AD7F92858}.Release|Any CPU.Deploy.0 = Release|Any CPU
	EndGlobalSection
	GlobalSection(SolutionProperties) = preSolution
		HideSolutionNode = FALSE
	EndGlobalSection
	GlobalSection(ExtensibilityGlobals) = postSolution
		SolutionGuid = {4669A444-F144-4240-8A27-B300FEDEF170}
	EndGlobalSection
EndGlobal
